
Microsoft Visual Studio Solution File, Format Version 12.00
# Visual Studio Version 17
VisualStudioVersion = 17.14.36301.6 d17.14
MinimumVisualStudioVersion = 10.0.40219.1
Project("{FAE04EC0-301F-11D3-BF4B-00C04F79EFBC}") = "StitchBookApp", "StitchBookApp.csproj", "{F1959F66-E952-4441-9E4F-57A38C0F9003}"
EndProject
Global
	GlobalSection(SolutionConfigurationPlatforms) = preSolution
		Debug|Any CPU = Debug|Any CPU
		Release|Any CPU = Release|Any CPU
	EndGlobalSection
	GlobalSection(ProjectConfigurationPlatforms) = postSolution
		{F1959F66-E952-4441-9E4F-57A38C0F9003}.Debug|Any CPU.ActiveCfg = Debug|Any CPU
		{F1959F66-E952-4441-9E4F-57A38C0F9003}.Debug|Any CPU.Build.0 = Debug|Any CPU
		{F1959F66-E952-4441-9E4F-57A38C0F9003}.Release|Any CPU.ActiveCfg = Release|Any CPU
		{F1959F66-E952-4441-9E4F-57A38C0F9003}.Release|Any CPU.Build.0 = Release|Any CPU
	EndGlobalSection
	GlobalSection(SolutionProperties) = preSolution
		HideSolutionNode = FALSE
	EndGlobalSection
	GlobalSection(ExtensibilityGlobals) = postSolution
		SolutionGuid = {013557BA-A344-43C2-BD96-285F45DD0FCB}
	EndGlobalSection
EndGlobal
